
Microsoft Visual Studio Solution File, Format Version 12.00
Project("{2150E333-8FDC-42A3-9474-1A3956D46DE8}") = "Adapters", "Adapters", "{5067AC2C-A2BE-4613-9136-0295167F20F2}"
EndProject
Project("{2150E333-8FDC-42A3-9474-1A3956D46DE8}") = "Core", "Core", "{AE970B9B-E24D-4A32-9E13-2B8FF095C4D4}"
EndProject
Project("{2150E333-8FDC-42A3-9474-1A3956D46DE8}") = "Tests", "Tests", "{4DE6638D-6331-4B8A-AB9F-8DE7A753901E}"
EndProject
Project("{2150E333-8FDC-42A3-9474-1A3956D46DE8}") = "Application", "Application", "{28841C1C-AC6E-4FEB-A6C1-43E98C13301D}"
EndProject
Project("{2150E333-8FDC-42A3-9474-1A3956D46DE8}") = "Domain", "Domain", "{094F40A4-DA0C-449E-A818-789E355836D6}"
EndProject
Project("{2150E333-8FDC-42A3-9474-1A3956D46DE8}") = "Driven", "Driven", "{A260C0BF-1EF2-44B1-98D9-FDC9AE7A416B}"
EndProject
Project("{2150E333-8FDC-42A3-9474-1A3956D46DE8}") = "Driving", "Driving", "{79522828-583C-4E66-A844-1FFD69B155CE}"
EndProject
Project("{FAE04EC0-301F-11D3-BF4B-00C04F79EFBC}") = "MedGestor.Core.Domain", "Core\Domain\MedGestor.Core.Domain\MedGestor.Core.Domain.csproj", "{C750E36E-E951-4023-A8C8-CF289C4FF6A9}"
EndProject
Project("{2150E333-8FDC-42A3-9474-1A3956D46DE8}") = "Database", "Database", "{30855548-8238-4623-8E8C-FAD9A640251E}"
EndProject
Project("{2150E333-8FDC-42A3-9474-1A3956D46DE8}") = "Api", "Api", "{5B708120-AA4B-4548-8200-6ADEC3CA42E2}"
EndProject
Project("{FAE04EC0-301F-11D3-BF4B-00C04F79EFBC}") = "MedGestor.Adapter.Driven.Database", "Adapters\Driven\Database\MedGestor.Adapter.Driven.Database\MedGestor.Adapter.Driven.Database.csproj", "{1C1F706A-CFB5-45F4-AEFB-6D893AF4BC92}"
EndProject
Project("{FAE04EC0-301F-11D3-BF4B-00C04F79EFBC}") = "MedGestor.Adapter.Driving.Api", "Adapters\Driving\Api\MedGestor.Adapter.Driving.Api\MedGestor.Adapter.Driving.Api.csproj", "{D5392C1E-A5D3-45C6-BD8F-DA8D0F8DB8EB}"
EndProject
Project("{FAE04EC0-301F-11D3-BF4B-00C04F79EFBC}") = "MedGestor.Core.Application", "Core\Application\MedGestor.Core.Application\MedGestor.Core.Application.csproj", "{383E8281-21D2-4E52-936D-8D65657BB62F}"
EndProject
Global
	GlobalSection(SolutionConfigurationPlatforms) = preSolution
		Debug|Any CPU = Debug|Any CPU
		Release|Any CPU = Release|Any CPU
	EndGlobalSection
	GlobalSection(NestedProjects) = preSolution
		{28841C1C-AC6E-4FEB-A6C1-43E98C13301D} = {AE970B9B-E24D-4A32-9E13-2B8FF095C4D4}
		{094F40A4-DA0C-449E-A818-789E355836D6} = {AE970B9B-E24D-4A32-9E13-2B8FF095C4D4}
		{A260C0BF-1EF2-44B1-98D9-FDC9AE7A416B} = {5067AC2C-A2BE-4613-9136-0295167F20F2}
		{79522828-583C-4E66-A844-1FFD69B155CE} = {5067AC2C-A2BE-4613-9136-0295167F20F2}
		{C750E36E-E951-4023-A8C8-CF289C4FF6A9} = {094F40A4-DA0C-449E-A818-789E355836D6}
		{30855548-8238-4623-8E8C-FAD9A640251E} = {A260C0BF-1EF2-44B1-98D9-FDC9AE7A416B}
		{5B708120-AA4B-4548-8200-6ADEC3CA42E2} = {79522828-583C-4E66-A844-1FFD69B155CE}
		{1C1F706A-CFB5-45F4-AEFB-6D893AF4BC92} = {30855548-8238-4623-8E8C-FAD9A640251E}
		{D5392C1E-A5D3-45C6-BD8F-DA8D0F8DB8EB} = {5B708120-AA4B-4548-8200-6ADEC3CA42E2}
		{383E8281-21D2-4E52-936D-8D65657BB62F} = {28841C1C-AC6E-4FEB-A6C1-43E98C13301D}
	EndGlobalSection
	GlobalSection(ProjectConfigurationPlatforms) = postSolution
		{C750E36E-E951-4023-A8C8-CF289C4FF6A9}.Debug|Any CPU.ActiveCfg = Debug|Any CPU
		{C750E36E-E951-4023-A8C8-CF289C4FF6A9}.Debug|Any CPU.Build.0 = Debug|Any CPU
		{C750E36E-E951-4023-A8C8-CF289C4FF6A9}.Release|Any CPU.ActiveCfg = Release|Any CPU
		{C750E36E-E951-4023-A8C8-CF289C4FF6A9}.Release|Any CPU.Build.0 = Release|Any CPU
		{1C1F706A-CFB5-45F4-AEFB-6D893AF4BC92}.Debug|Any CPU.ActiveCfg = Debug|Any CPU
		{1C1F706A-CFB5-45F4-AEFB-6D893AF4BC92}.Debug|Any CPU.Build.0 = Debug|Any CPU
		{1C1F706A-CFB5-45F4-AEFB-6D893AF4BC92}.Release|Any CPU.ActiveCfg = Release|Any CPU
		{1C1F706A-CFB5-45F4-AEFB-6D893AF4BC92}.Release|Any CPU.Build.0 = Release|Any CPU
		{D5392C1E-A5D3-45C6-BD8F-DA8D0F8DB8EB}.Debug|Any CPU.ActiveCfg = Debug|Any CPU
		{D5392C1E-A5D3-45C6-BD8F-DA8D0F8DB8EB}.Debug|Any CPU.Build.0 = Debug|Any CPU
		{D5392C1E-A5D3-45C6-BD8F-DA8D0F8DB8EB}.Release|Any CPU.ActiveCfg = Release|Any CPU
		{D5392C1E-A5D3-45C6-BD8F-DA8D0F8DB8EB}.Release|Any CPU.Build.0 = Release|Any CPU
		{383E8281-21D2-4E52-936D-8D65657BB62F}.Debug|Any CPU.ActiveCfg = Debug|Any CPU
		{383E8281-21D2-4E52-936D-8D65657BB62F}.Debug|Any CPU.Build.0 = Debug|Any CPU
		{383E8281-21D2-4E52-936D-8D65657BB62F}.Release|Any CPU.ActiveCfg = Release|Any CPU
		{383E8281-21D2-4E52-936D-8D65657BB62F}.Release|Any CPU.Build.0 = Release|Any CPU
	EndGlobalSection
EndGlobal
